
Microsoft Visual Studio Solution File, Format Version 12.00
# Visual Studio 15
Project("{FAE04EC0-301F-11D3-BF4B-00C04F79EFBC}") = "Assembly-CSharp", "Assembly-CSharp.csproj", "{1A01E701-B0AD-31B6-3DA9-E9702751FFE8}"
EndProject
Project("{FAE04EC0-301F-11D3-BF4B-00C04F79EFBC}") = "Assembly-CSharp-Editor", "Assembly-CSharp-Editor.csproj", "{3D3C231C-5191-A7A5-FCDF-EBBF88A09318}"
EndProject
Global
	GlobalSection(SolutionConfigurationPlatforms) = preSolution
		Debug|Any CPU = Debug|Any CPU
		Release|Any CPU = Release|Any CPU
	EndGlobalSection
	GlobalSection(ProjectConfigurationPlatforms) = postSolution
		{1A01E701-B0AD-31B6-3DA9-E9702751FFE8}.Debug|Any CPU.ActiveCfg = Debug|Any CPU
		{1A01E701-B0AD-31B6-3DA9-E9702751FFE8}.Debug|Any CPU.Build.0 = Debug|Any CPU
		{1A01E701-B0AD-31B6-3DA9-E9702751FFE8}.Release|Any CPU.ActiveCfg = Release|Any CPU
		{1A01E701-B0AD-31B6-3DA9-E9702751FFE8}.Release|Any CPU.Build.0 = Release|Any CPU
		{3D3C231C-5191-A7A5-FCDF-EBBF88A09318}.Debug|Any CPU.ActiveCfg = Debug|Any CPU
		{3D3C231C-5191-A7A5-FCDF-EBBF88A09318}.Debug|Any CPU.Build.0 = Debug|Any CPU
		{3D3C231C-5191-A7A5-FCDF-EBBF88A09318}.Release|Any CPU.ActiveCfg = Release|Any CPU
		{3D3C231C-5191-A7A5-FCDF-EBBF88A09318}.Release|Any CPU.Build.0 = Release|Any CPU
	EndGlobalSection
	GlobalSection(SolutionProperties) = preSolution
		HideSolutionNode = FALSE
	EndGlobalSection
EndGlobal
